
Microsoft Visual Studio Solution File, Format Version 12.00
# Visual Studio Version 16
VisualStudioVersion = 16.0.33920.266
MinimumVisualStudioVersion = 10.0.40219.1
Project("{FAE04EC0-301F-11D3-BF4B-00C04F79EFBC}") = "ClaseInicial", "ClaseInicial\ClaseInicial.csproj", "{91094686-0F3E-4679-A26A-3DC17E5AEF0C}"
EndProject
Project("{FAE04EC0-301F-11D3-BF4B-00C04F79EFBC}") = "CarreraAutos", "CarreraAutos\CarreraAutos.csproj", "{B0593563-1907-4F5F-B148-1C18F226644D}"
EndProject
Project("{FAE04EC0-301F-11D3-BF4B-00C04F79EFBC}") = "ArregloSemana", "ArregloSemana\ArregloSemana.csproj", "{517F6B91-5A56-428A-ACB7-11C7A7B70D2A}"
EndProject
Project("{FAE04EC0-301F-11D3-BF4B-00C04F79EFBC}") = "GeneradorDeNombres", "GeneradorDeNombres\GeneradorDeNombres.csproj", "{BBE1094E-A3D3-471C-8FF9-E0FC90DA01DA}"
EndProject
Global
	GlobalSection(SolutionConfigurationPlatforms) = preSolution
		Debug|Any CPU = Debug|Any CPU
		Release|Any CPU = Release|Any CPU
	EndGlobalSection
	GlobalSection(ProjectConfigurationPlatforms) = postSolution
		{91094686-0F3E-4679-A26A-3DC17E5AEF0C}.Debug|Any CPU.ActiveCfg = Debug|Any CPU
		{91094686-0F3E-4679-A26A-3DC17E5AEF0C}.Debug|Any CPU.Build.0 = Debug|Any CPU
		{91094686-0F3E-4679-A26A-3DC17E5AEF0C}.Release|Any CPU.ActiveCfg = Release|Any CPU
		{91094686-0F3E-4679-A26A-3DC17E5AEF0C}.Release|Any CPU.Build.0 = Release|Any CPU
		{B0593563-1907-4F5F-B148-1C18F226644D}.Debug|Any CPU.ActiveCfg = Debug|Any CPU
		{B0593563-1907-4F5F-B148-1C18F226644D}.Debug|Any CPU.Build.0 = Debug|Any CPU
		{B0593563-1907-4F5F-B148-1C18F226644D}.Release|Any CPU.ActiveCfg = Release|Any CPU
		{B0593563-1907-4F5F-B148-1C18F226644D}.Release|Any CPU.Build.0 = Release|Any CPU
		{517F6B91-5A56-428A-ACB7-11C7A7B70D2A}.Debug|Any CPU.ActiveCfg = Debug|Any CPU
		{517F6B91-5A56-428A-ACB7-11C7A7B70D2A}.Debug|Any CPU.Build.0 = Debug|Any CPU
		{517F6B91-5A56-428A-ACB7-11C7A7B70D2A}.Release|Any CPU.ActiveCfg = Release|Any CPU
		{517F6B91-5A56-428A-ACB7-11C7A7B70D2A}.Release|Any CPU.Build.0 = Release|Any CPU
		{BBE1094E-A3D3-471C-8FF9-E0FC90DA01DA}.Debug|Any CPU.ActiveCfg = Debug|Any CPU
		{BBE1094E-A3D3-471C-8FF9-E0FC90DA01DA}.Debug|Any CPU.Build.0 = Debug|Any CPU
		{BBE1094E-A3D3-471C-8FF9-E0FC90DA01DA}.Release|Any CPU.ActiveCfg = Release|Any CPU
		{BBE1094E-A3D3-471C-8FF9-E0FC90DA01DA}.Release|Any CPU.Build.0 = Release|Any CPU
	EndGlobalSection
	GlobalSection(SolutionProperties) = preSolution
		HideSolutionNode = FALSE
	EndGlobalSection
	GlobalSection(ExtensibilityGlobals) = postSolution
		SolutionGuid = {2DD18BE4-58F2-409D-9BA3-E9453CFA39DD}
	EndGlobalSection
EndGlobal
